// !$*UTF8*$!
{
	archiveVersion = 1;
	classes = {
	};
	objectVersion = 50;
	objects = {

/* Begin PBXBuildFile section */
		DABEF0D7251C779000A8BD22 /* AppDelegate.swift in Sources */ = {isa = PBXBuildFile; fileRef = DABEF0D6251C779000A8BD22 /* AppDelegate.swift */; };
		DABEF0D9251C779000A8BD22 /* SceneDelegate.swift in Sources */ = {isa = PBXBuildFile; fileRef = DABEF0D8251C779000A8BD22 /* SceneDelegate.swift */; };
		DABEF0DB251C779000A8BD22 /* ViewController.swift in Sources */ = {isa = PBXBuildFile; fileRef = DABEF0DA251C779000A8BD22 /* ViewController.swift */; };
		DABEF0DE251C779000A8BD22 /* Main.storyboard in Resources */ = {isa = PBXBuildFile; fileRef = DABEF0DC251C779000A8BD22 /* Main.storyboard */; };
		DABEF0E0251C779200A8BD22 /* Assets.xcassets in Resources */ = {isa = PBXBuildFile; fileRef = DABEF0DF251C779200A8BD22 /* Assets.xcassets */; };
		DABEF0E3251C779200A8BD22 /* LaunchScreen.storyboard in Resources */ = {isa = PBXBuildFile; fileRef = DABEF0E1251C779200A8BD22 /* LaunchScreen.storyboard */; };
/* End PBXBuildFile section */

/* Begin PBXFileReference section */
		DABEF0D3251C779000A8BD22 /* kakaoLinkTutorial.app */ = {isa = PBXFileReference; explicitFileType = wrapper.application; includeInIndex = 0; path = kakaoLinkTutorial.app; sourceTree = BUILT_PRODUCTS_DIR; };
		DABEF0D6251C779000A8BD22 /* AppDelegate.swift */ = {isa = PBXFileReference; lastKnownFileType = sourcecode.swift; path = AppDelegate.swift; sourceTree = "<group>"; };
		DABEF0D8251C779000A8BD22 /* SceneDelegate.swift */ = {isa = PBXFileReference; lastKnownFileType = sourcecode.swift; path = SceneDelegate.swift; sourceTree = "<group>"; };
		DABEF0DA251C779000A8BD22 /* ViewController.swift */ = {isa = PBXFileReference; lastKnownFileType = sourcecode.swift; path = ViewController.swift; sourceTree = "<group>"; };
		DABEF0DD251C779000A8BD22 /* Base */ = {isa = PBXFileReference; lastKnownFileType = file.storyboard; name = Base; path = Base.lproj/Main.storyboard; sourceTree = "<group>"; };
		DABEF0DF251C779200A8BD22 /* Assets.xcassets */ = {isa = PBXFileReference; lastKnownFileType = folder.assetcatalog; path = Assets.xcassets; sourceTree = "<group>"; };
		DABEF0E2251C779200A8BD22 /* Base */ = {isa = PBXFileReference; lastKnownFileType = file.storyboard; name = Base; path = Base.lproj/LaunchScreen.storyboard; sourceTree = "<group>"; };
		DABEF0E4251C779200A8BD22 /* Info.plist */ = {isa = PBXFileReference; lastKnownFileType = text.plist.xml; path = Info.plist; sourceTree = "<group>"; };
/* End PBXFileReference section */

/* Begin PBXFrameworksBuildPhase section */
		DABEF0D0251C779000A8BD22 /* Frameworks */ = {
			isa = PBXFrameworksBuildPhase;
			buildActionMask = 2147483647;
			files = (
			);
			runOnlyForDeploymentPostprocessing = 0;
		};
/* End PBXFrameworksBuildPhase section */

/* Begin PBXGroup section */
		DABEF0CA251C779000A8BD22 = {
			isa = PBXGroup;
			children = (
				DABEF0D5251C779000A8BD22 /* kakaoLinkTutorial */,
				DABEF0D4251C779000A8BD22 /* Products */,
			);
			sourceTree = "<group>";
		};
		DABEF0D4251C779000A8BD22 /* Products */ = {
			isa = PBXGroup;
			children = (
				DABEF0D3251C779000A8BD22 /* kakaoLinkTutorial.app */,
			);
			name = Products;
			sourceTree = "<group>";
		};
		DABEF0D5251C779000A8BD22 /* kakaoLinkTutorial */ = {
			isa = PBXGroup;
			children = (
				DABEF0D6251C779000A8BD22 /* AppDelegate.swift */,
				DABEF0D8251C779000A8BD22 /* SceneDelegate.swift */,
				DABEF0DA251C779000A8BD22 /* ViewController.swift */,
				DABEF0DC251C779000A8BD22 /* Main.storyboard */,
				DABEF0DF251C779200A8BD22 /* Assets.xcassets */,
				DABEF0E1251C779200A8BD22 /* LaunchScreen.storyboard */,
				DABEF0E4251C779200A8BD22 /* Info.plist */,
			);
			path = kakaoLinkTutorial;
			sourceTree = "<group>";
		};
/* End PBXGroup section */

/* Begin PBXNativeTarget section */
		DABEF0D2251C779000A8BD22 /* kakaoLinkTutorial */ = {
			isa = PBXNativeTarget;
			buildConfigurationList = DABEF0E7251C779200A8BD22 /* Build configuration list for PBXNativeTarget "kakaoLinkTutorial" */;
			buildPhases = (
				DABEF0CF251C779000A8BD22 /* Sources */,
				DABEF0D0251C779000A8BD22 /* Frameworks */,
				DABEF0D1251C779000A8BD22 /* Resources */,
			);
			buildRules = (
			);
			dependencies = (
			);
			name = kakaoLinkTutorial;
			productName = kakaoLinkTutorial;
			productReference = DABEF0D3251C779000A8BD22 /* kakaoLinkTutorial.app */;
			productType = "com.apple.product-type.application";
		};
/* End PBXNativeTarget section */

/* Begin PBXProject section */
		DABEF0CB251C779000A8BD22 /* Project object */ = {
			isa = PBXProject;
			attributes = {
				LastSwiftUpdateCheck = 1170;
				LastUpgradeCheck = 1170;
				ORGANIZATIONNAME = dustin;
				TargetAttributes = {
					DABEF0D2251C779000A8BD22 = {
						CreatedOnToolsVersion = 11.7;
					};
				};
			};
			buildConfigurationList = DABEF0CE251C779000A8BD22 /* Build configuration list for PBXProject "kakaoLinkTutorial" */;
			compatibilityVersion = "Xcode 9.3";
			developmentRegion = en;
			hasScannedForEncodings = 0;
			knownRegions = (
				en,
				Base,
			);
			mainGroup = DABEF0CA251C779000A8BD22;
			productRefGroup = DABEF0D4251C779000A8BD22 /* Products */;
			projectDirPath = "";
			projectRoot = "";
			targets = (
				DABEF0D2251C779000A8BD22 /* kakaoLinkTutorial */,
			);
		};
/* End PBXProject section */

/* Begin PBXResourcesBuildPhase section */
		DABEF0D1251C779000A8BD22 /* Resources */ = {
			isa = PBXResourcesBuildPhase;
			buildActionMask = 2147483647;
			files = (
				DABEF0E3251C779200A8BD22 /* LaunchScreen.storyboard in Resources */,
				DABEF0E0251C779200A8BD22 /* Assets.xcassets in Resources */,
				DABEF0DE251C779000A8BD22 /* Main.storyboard in Resources */,
			);
			runOnlyForDeploymentPostprocessing = 0;
		};
/* End PBXResourcesBuildPhase section */

/* Begin PBXSourcesBuildPhase section */
		DABEF0CF251C779000A8BD22 /* Sources */ = {
			isa = PBXSourcesBuildPhase;
			buildActionMask = 2147483647;
			files = (
				DABEF0DB251C779000A8BD22 /* ViewController.swift in Sources */,
				DABEF0D7251C779000A8BD22 /* AppDelegate.swift in Sources */,
				DABEF0D9251C779000A8BD22 /* SceneDelegate.swift in Sources */,
			);
			runOnlyForDeploymentPostprocessing = 0;
		};
/* End PBXSourcesBuildPhase section */

/* Begin PBXVariantGroup section */
		DABEF0DC251C779000A8BD22 /* Main.storyboard */ = {
			isa = PBXVariantGroup;
			children = (
				DABEF0DD251C779000A8BD22 /* Base */,
			);
			name = Main.storyboard;
			sourceTree = "<group>";
		};
		DABEF0E1251C779200A8BD22 /* LaunchScreen.storyboard */ = {
			isa = PBXVariantGroup;
			children = (
				DABEF0E2251C779200A8BD22 /* Base */,
			);
			name = LaunchScreen.storyboard;
			sourceTree = "<group>";
		};
/* End PBXVariantGroup section */

/* Begin XCBuildConfiguration section */
		DABEF0E5251C779200A8BD22 /* Debug */ = {
			isa = XCBuildConfiguration;
			buildSettings = {
				ALWAYS_SEARCH_USER_PATHS = NO;
				CLANG_ANALYZER_NONNULL = YES;
				CLANG_ANALYZER_NUMBER_OBJECT_CONVERSION = YES_AGGRESSIVE;
				CLANG_CXX_LANGUAGE_STANDARD = "gnu++14";
				CLANG_CXX_LIBRARY = "libc++";
				CLANG_ENABLE_MODULES = YES;
				CLANG_ENABLE_OBJC_ARC = YES;
				CLANG_ENABLE_OBJC_WEAK = YES;
				CLANG_WARN_BLOCK_CAPTURE_AUTORELEASING = YES;
				CLANG_WARN_BOOL_CONVERSION = YES;
				CLANG_WARN_COMMA = YES;
				CLANG_WARN_CONSTANT_CONVERSION = YES;
				CLANG_WARN_DEPRECATED_OBJC_IMPLEMENTATIONS = YES;
				CLANG_WARN_DIRECT_OBJC_ISA_USAGE = YES_ERROR;
				CLANG_WARN_DOCUMENTATION_COMMENTS = YES;
				CLANG_WARN_EMPTY_BODY = YES;
				CLANG_WARN_ENUM_CONVERSION = YES;
				CLANG_WARN_INFINITE_RECURSION = YES;
				CLANG_WARN_INT_CONVERSION = YES;
				CLANG_WARN_NON_LITERAL_NULL_CONVERSION = YES;
				CLANG_WARN_OBJC_IMPLICIT_RETAIN_SELF = YES;
				CLANG_WARN_OBJC_LITERAL_CONVERSION = YES;
				CLANG_WARN_OBJC_ROOT_CLASS = YES_ERROR;
				CLANG_WARN_RANGE_LOOP_ANALYSIS = YES;
				CLANG_WARN_STRICT_PROTOTYPES = YES;
				CLANG_WARN_SUSPICIOUS_MOVE = YES;
				CLANG_WARN_UNGUARDED_AVAILABILITY = YES_AGGRESSIVE;
				CLANG_WARN_UNREACHABLE_CODE = YES;
				CLANG_WARN__DUPLICATE_METHOD_MATCH = YES;
				COPY_PHASE_STRIP = NO;
				DEBUG_INFORMATION_FORMAT = dwarf;
				ENABLE_STRICT_OBJC_MSGSEND = YES;
				ENABLE_TESTABILITY = YES;
				GCC_C_LANGUAGE_STANDARD = gnu11;
				GCC_DYNAMIC_NO_PIC = NO;
				GCC_NO_COMMON_BLOCKS = YES;
				GCC_OPTIMIZATION_LEVEL = 0;
				GCC_PREPROCESSOR_DEFINITIONS = (
					"DEBUG=1",
					"$(inherited)",
				);
				GCC_WARN_64_TO_32_BIT_CONVERSION = YES;
				GCC_WARN_ABOUT_RETURN_TYPE = YES_ERROR;
				GCC_WARN_UNDECLARED_SELECTOR = YES;
				GCC_WARN_UNINITIALIZED_AUTOS = YES_AGGRESSIVE;
				GCC_WARN_UNUSED_FUNCTION = YES;
				GCC_WARN_UNUSED_VARIABLE = YES;
				IPHONEOS_DEPLOYMENT_TARGET = 13.7;
				MTL_ENABLE_DEBUG_INFO = INCLUDE_SOURCE;
				MTL_FAST_MATH = YES;
				ONLY_ACTIVE_ARCH = YES;
				SDKROOT = iphoneos;
				SWIFT_ACTIVE_COMPILATION_CONDITIONS = DEBUG;
				SWIFT_OPTIMIZATION_LEVEL = "-Onone";
			};
			name = Debug;
		};
		DABEF0E6251C779200A8BD22 /* Release */ = {
			isa = XCBuildConfiguration;
			buildSettings = {
				ALWAYS_SEARCH_USER_PATHS = NO;
				CLANG_ANALYZER_NONNULL = YES;
				CLANG_ANALYZER_NUMBER_OBJECT_CONVERSION = YES_AGGRESSIVE;
				CLANG_CXX_LANGUAGE_STANDARD = "gnu++14";
				CLANG_CXX_LIBRARY = "libc++";
				CLANG_ENABLE_MODULES = YES;
				CLANG_ENABLE_OBJC_ARC = YES;
				CLANG_ENABLE_OBJC_WEAK = YES;
				CLANG_WARN_BLOCK_CAPTURE_AUTORELEASING = YES;
				CLANG_WARN_BOOL_CONVERSION = YES;
				CLANG_WARN_COMMA = YES;
				CLANG_WARN_CONSTANT_CONVERSION = YES;
				CLANG_WARN_DEPRECATED_OBJC_IMPLEMENTATIONS = YES;
				CLANG_WARN_DIRECT_OBJC_ISA_USAGE = YES_ERROR;
				CLANG_WARN_DOCUMENTATION_COMMENTS = YES;
				CLANG_WARN_EMPTY_BODY = YES;
				CLANG_WARN_ENUM_CONVERSION = YES;
				CLANG_WARN_INFINITE_RECURSION = YES;
				CLANG_WARN_INT_CONVERSION = YES;
				CLANG_WARN_NON_LITERAL_NULL_CONVERSION = YES;
				CLANG_WARN_OBJC_IMPLICIT_RETAIN_SELF = YES;
				CLANG_WARN_OBJC_LITERAL_CONVERSION = YES;
				CLANG_WARN_OBJC_ROOT_CLASS = YES_ERROR;
				CLANG_WARN_RANGE_LOOP_ANALYSIS = YES;
				CLANG_WARN_STRICT_PROTOTYPES = YES;
				CLANG_WARN_SUSPICIOUS_MOVE = YES;
				CLANG_WARN_UNGUARDED_AVAILABILITY = YES_AGGRESSIVE;
				CLANG_WARN_UNREACHABLE_CODE = YES;
				CLANG_WARN__DUPLICATE_METHOD_MATCH = YES;
				COPY_PHASE_STRIP = NO;
				DEBUG_INFORMATION_FORMAT = "dwarf-with-dsym";
				ENABLE_NS_ASSERTIONS = NO;
				ENABLE_STRICT_OBJC_MSGSEND = YES;
				GCC_C_LANGUAGE_STANDARD = gnu11;
				GCC_NO_COMMON_BLOCKS = YES;
				GCC_WARN_64_TO_32_BIT_CONVERSION = YES;
				GCC_WARN_ABOUT_RETURN_TYPE = YES_ERROR;
				GCC_WARN_UNDECLARED_SELECTOR = YES;
				GCC_WARN_UNINITIALIZED_AUTOS = YES_AGGRESSIVE;
				GCC_WARN_UNUSED_FUNCTION = YES;
				GCC_WARN_UNUSED_VARIABLE = YES;
				IPHONEOS_DEPLOYMENT_TARGET = 13.7;
				MTL_ENABLE_DEBUG_INFO = NO;
				MTL_FAST_MATH = YES;
				SDKROOT = iphoneos;
				SWIFT_COMPILATION_MODE = wholemodule;
				SWIFT_OPTIMIZATION_LEVEL = "-O";
				VALIDATE_PRODUCT = YES;
			};
			name = Release;
		};
		DABEF0E8251C779200A8BD22 /* Debug */ = {
			isa = XCBuildConfiguration;
			buildSettings = {
				ASSETCATALOG_COMPILER_APPICON_NAME = AppIcon;
				CODE_SIGN_STYLE = Automatic;
				DEVELOPMENT_TEAM = 3VT454RG8M;
				INFOPLIST_FILE = kakaoLinkTutorial/Info.plist;
				LD_RUNPATH_SEARCH_PATHS = (
					"$(inherited)",
					"@executable_path/Frameworks",
				);
				PRODUCT_BUNDLE_IDENTIFIER = com.dustin.kakaoLinkTutorial;
				PRODUCT_NAME = "$(TARGET_NAME)";
				SWIFT_VERSION = 5.0;
				TARGETED_DEVICE_FAMILY = "1,2";
			};
			name = Debug;
		};
		DABEF0E9251C779200A8BD22 /* Release */ = {
			isa = XCBuildConfiguration;
			buildSettings = {
				ASSETCATALOG_COMPILER_APPICON_NAME = AppIcon;
				CODE_SIGN_STYLE = Automatic;
				DEVELOPMENT_TEAM = 3VT454RG8M;
				INFOPLIST_FILE = kakaoLinkTutorial/Info.plist;
				LD_RUNPATH_SEARCH_PATHS = (
					"$(inherited)",
					"@executable_path/Frameworks",
				);
				PRODUCT_BUNDLE_IDENTIFIER = com.dustin.kakaoLinkTutorial;
				PRODUCT_NAME = "$(TARGET_NAME)";
				SWIFT_VERSION = 5.0;
				TARGETED_DEVICE_FAMILY = "1,2";
			};
			name = Release;
		};
/* End XCBuildConfiguration section */

/* Begin XCConfigurationList section */
		DABEF0CE251C779000A8BD22 /* Build configuration list for PBXProject "kakaoLinkTutorial" */ = {
			isa = XCConfigurationList;
			buildConfigurations = (
				DABEF0E5251C779200A8BD22 /* Debug */,
				DABEF0E6251C779200A8BD22 /* Release */,
			);
			defaultConfigurationIsVisible = 0;
			defaultConfigurationName = Release;
		};
		DABEF0E7251C779200A8BD22 /* Build configuration list for PBXNativeTarget "kakaoLinkTutorial" */ = {
			isa = XCConfigurationList;
			buildConfigurations = (
				DABEF0E8251C779200A8BD22 /* Debug */,
				DABEF0E9251C779200A8BD22 /* Release */,
			);
			defaultConfigurationIsVisible = 0;
			defaultConfigurationName = Release;
		};
/* End XCConfigurationList section */
	};
	rootObject = DABEF0CB251C779000A8BD22 /* Project object */;
}
